
Microsoft Visual Studio Solution File, Format Version 12.00
# Visual Studio Version 16
VisualStudioVersion = 16.0.29728.190
MinimumVisualStudioVersion = 10.0.40219.1
Project("{FAE04EC0-301F-11D3-BF4B-00C04F79EFBC}") = "BlazorTest", "BlazorTest\BlazorTest.csproj", "{C843B30E-FE93-43DA-AAA4-29CD6B739448}"
EndProject
Global
	GlobalSection(SolutionConfigurationPlatforms) = preSolution
		Debug|Any CPU = Debug|Any CPU
		Release|Any CPU = Release|Any CPU
	EndGlobalSection
	GlobalSection(ProjectConfigurationPlatforms) = postSolution
		{C843B30E-FE93-43DA-AAA4-29CD6B739448}.Debug|Any CPU.ActiveCfg = Debug|Any CPU
		{C843B30E-FE93-43DA-AAA4-29CD6B739448}.Debug|Any CPU.Build.0 = Debug|Any CPU
		{C843B30E-FE93-43DA-AAA4-29CD6B739448}.Release|Any CPU.ActiveCfg = Release|Any CPU
		{C843B30E-FE93-43DA-AAA4-29CD6B739448}.Release|Any CPU.Build.0 = Release|Any CPU
	EndGlobalSection
	GlobalSection(SolutionProperties) = preSolution
		HideSolutionNode = FALSE
	EndGlobalSection
	GlobalSection(ExtensibilityGlobals) = postSolution
		SolutionGuid = {E0E3F891-58ED-4B43-A0E6-305A16A3C487}
	EndGlobalSection
EndGlobal
